{
  "nodes": {
    "nixpkgs": {
      "locked": {
        "lastModified": 1744560679,
        "narHash": "sha256-Cms8QIIcvY/bw3tG621XGVAJYPLBZKJLJejsQrAa+DY=",
        "owner": "NixOS",
        "repo": "nixpkgs",
        "rev": "fbf76bf72b161b9f4ab97704a8258776d5f3ffba",
        "type": "github"
      },
      "original": {
        "id": "nixpkgs",
        "ref": "nixos-unstable-small",
        "type": "indirect"
      }
    },
    "root": {
      "inputs": {
        "nixpkgs": "nixpkgs"
      }
    }
  },
  "root": "root",
  "version": 7
}
